
Microsoft Visual Studio Solution File, Format Version 12.00
# Visual Studio Version 17
VisualStudioVersion = 17.9.34526.213
MinimumVisualStudioVersion = 10.0.40219.1
Project("{FAE04EC0-301F-11D3-BF4B-00C04F79EFBC}") = "ExEstrFor", "ExEstrFor.csproj", "{DA245B2F-54A0-444C-ABB1-D91D90CFE177}"
EndProject
Global
	GlobalSection(SolutionConfigurationPlatforms) = preSolution
		Debug|Any CPU = Debug|Any CPU
		Release|Any CPU = Release|Any CPU
	EndGlobalSection
	GlobalSection(ProjectConfigurationPlatforms) = postSolution
		{DA245B2F-54A0-444C-ABB1-D91D90CFE177}.Debug|Any CPU.ActiveCfg = Debug|Any CPU
		{DA245B2F-54A0-444C-ABB1-D91D90CFE177}.Debug|Any CPU.Build.0 = Debug|Any CPU
		{DA245B2F-54A0-444C-ABB1-D91D90CFE177}.Release|Any CPU.ActiveCfg = Release|Any CPU
		{DA245B2F-54A0-444C-ABB1-D91D90CFE177}.Release|Any CPU.Build.0 = Release|Any CPU
	EndGlobalSection
	GlobalSection(SolutionProperties) = preSolution
		HideSolutionNode = FALSE
	EndGlobalSection
	GlobalSection(ExtensibilityGlobals) = postSolution
		SolutionGuid = {6E163F6B-4C82-4068-84F8-2FC92A412D51}
	EndGlobalSection
EndGlobal
